{
  "name": "twitter-auto-adgagement",
  "version": "1.0.0",
  "lockfileVersion": 1,
  "requires": true,
  "dependencies": {
    "oauth": {
      "version": "0.9.15",
      "resolved": "https://registry.npmjs.org/oauth/-/oauth-0.9.15.tgz",
      "integrity": "sha1-vR/vr2hslrdUda7VGWQS/2DPucE="
    },
    "qs": {
      "version": "6.5.1",
      "resolved": "https://registry.npmjs.org/qs/-/qs-6.5.1.tgz",
      "integrity": "sha512-eRzhrN1WSINYCDCbrz796z37LOe3m5tmW7RQf6oBntukAG1nmovJvhnwHHRMAfeoItc1m2Hk02WER2aQ/iqs+A=="
    },
    "twitter-js-client": {
      "version": "0.0.5",
      "resolved": "https://registry.npmjs.org/twitter-js-client/-/twitter-js-client-0.0.5.tgz",
      "integrity": "sha1-iFnGflL68A/2uNXEasNwrxVl1LI=",
      "requires": {
        "oauth": "0.9.15",
        "qs": "6.5.1"
      }
    }
  }
}
